
Microsoft Visual Studio Solution File, Format Version 12.00
# Visual Studio Version 17
VisualStudioVersion = 17.3.32929.385
MinimumVisualStudioVersion = 10.0.40219.1
Project("{FAE04EC0-301F-11D3-BF4B-00C04F79EFBC}") = "MvcFirstProject", "MvcFirstProject\MvcFirstProject.csproj", "{DF7B1E83-0FC0-43A4-BC38-DFF8A0BD4AA0}"
EndProject
Global
	GlobalSection(SolutionConfigurationPlatforms) = preSolution
		Debug|Any CPU = Debug|Any CPU
		Release|Any CPU = Release|Any CPU
	EndGlobalSection
	GlobalSection(ProjectConfigurationPlatforms) = postSolution
		{DF7B1E83-0FC0-43A4-BC38-DFF8A0BD4AA0}.Debug|Any CPU.ActiveCfg = Debug|Any CPU
		{DF7B1E83-0FC0-43A4-BC38-DFF8A0BD4AA0}.Debug|Any CPU.Build.0 = Debug|Any CPU
		{DF7B1E83-0FC0-43A4-BC38-DFF8A0BD4AA0}.Release|Any CPU.ActiveCfg = Release|Any CPU
		{DF7B1E83-0FC0-43A4-BC38-DFF8A0BD4AA0}.Release|Any CPU.Build.0 = Release|Any CPU
	EndGlobalSection
	GlobalSection(SolutionProperties) = preSolution
		HideSolutionNode = FALSE
	EndGlobalSection
	GlobalSection(ExtensibilityGlobals) = postSolution
		SolutionGuid = {39DE0179-0469-4825-86CB-64033A3AD13B}
	EndGlobalSection
EndGlobal
